// !$*UTF8*$!
{
	archiveVersion = 1;
	classes = {
	};
	objectVersion = 77;
	objects = {

/* Begin PBXBuildFile section */
		F04F1BDB2F1277F4003F7965 /* Kingfisher in Frameworks */ = {isa = PBXBuildFile; productRef = F04F1BDA2F1277F4003F7965 /* Kingfisher */; };
		F04F1BDE2F127906003F7965 /* RxSwift in Frameworks */ = {isa = PBXBuildFile; productRef = F04F1BDD2F127906003F7965 /* RxSwift */; };
		F04F1BE02F12790F003F7965 /* RxCocoa in Frameworks */ = {isa = PBXBuildFile; productRef = F04F1BDF2F12790F003F7965 /* RxCocoa */; };
		F04F1D8A2F12FA5F003F7965 /* RxBlocking in Frameworks */ = {isa = PBXBuildFile; productRef = F04F1D892F12FA5F003F7965 /* RxBlocking */; };
		F04F1D8C2F12FA69003F7965 /* RxTest in Frameworks */ = {isa = PBXBuildFile; productRef = F04F1D8B2F12FA69003F7965 /* RxTest */; };
/* End PBXBuildFile section */

/* Begin PBXContainerItemProxy section */
		F04F1D742F12FA43003F7965 /* PBXContainerItemProxy */ = {
			isa = PBXContainerItemProxy;
			containerPortal = F04F1B852F126835003F7965 /* Project object */;
			proxyType = 1;
			remoteGlobalIDString = F04F1B8C2F126835003F7965;
			remoteInfo = EnUygunBerkayKayaCase;
		};
/* End PBXContainerItemProxy section */

/* Begin PBXFileReference section */
		F04F1B8D2F126835003F7965 /* EnUygunBerkayKayaCase.app */ = {isa = PBXFileReference; explicitFileType = wrapper.application; includeInIndex = 0; path = EnUygunBerkayKayaCase.app; sourceTree = BUILT_PRODUCTS_DIR; };
		F04F1D702F12FA43003F7965 /* EnUygunBerkayKayaCaseTests.xctest */ = {isa = PBXFileReference; explicitFileType = wrapper.cfbundle; includeInIndex = 0; path = EnUygunBerkayKayaCaseTests.xctest; sourceTree = BUILT_PRODUCTS_DIR; };
/* End PBXFileReference section */

/* Begin PBXFileSystemSynchronizedBuildFileExceptionSet section */
		F04F1B9F2F126835003F7965 /* Exceptions for "EnUygunBerkayKayaCase" folder in "EnUygunBerkayKayaCase" target */ = {
			isa = PBXFileSystemSynchronizedBuildFileExceptionSet;
			membershipExceptions = (
				Info.plist,
			);
			target = F04F1B8C2F126835003F7965 /* EnUygunBerkayKayaCase */;
		};
/* End PBXFileSystemSynchronizedBuildFileExceptionSet section */

/* Begin PBXFileSystemSynchronizedRootGroup section */
		F04F1B8F2F126835003F7965 /* EnUygunBerkayKayaCase */ = {
			isa = PBXFileSystemSynchronizedRootGroup;
			exceptions = (
				F04F1B9F2F126835003F7965 /* Exceptions for "EnUygunBerkayKayaCase" folder in "EnUygunBerkayKayaCase" target */,
			);
			path = EnUygunBerkayKayaCase;
			sourceTree = "<group>";
		};
		F04F1D712F12FA43003F7965 /* EnUygunBerkayKayaCaseTests */ = {
			isa = PBXFileSystemSynchronizedRootGroup;
			path = EnUygunBerkayKayaCaseTests;
			sourceTree = "<group>";
		};
/* End PBXFileSystemSynchronizedRootGroup section */

/* Begin PBXFrameworksBuildPhase section */
		F04F1B8A2F126835003F7965 /* Frameworks */ = {
			isa = PBXFrameworksBuildPhase;
			buildActionMask = 2147483647;
			files = (
				F04F1BE02F12790F003F7965 /* RxCocoa in Frameworks */,
				F04F1BDE2F127906003F7965 /* RxSwift in Frameworks */,
				F04F1BDB2F1277F4003F7965 /* Kingfisher in Frameworks */,
			);
			runOnlyForDeploymentPostprocessing = 0;
		};
		F04F1D6D2F12FA43003F7965 /* Frameworks */ = {
			isa = PBXFrameworksBuildPhase;
			buildActionMask = 2147483647;
			files = (
				F04F1D8C2F12FA69003F7965 /* RxTest in Frameworks */,
				F04F1D8A2F12FA5F003F7965 /* RxBlocking in Frameworks */,
			);
			runOnlyForDeploymentPostprocessing = 0;
		};
/* End PBXFrameworksBuildPhase section */

/* Begin PBXGroup section */
		F04F1B842F126835003F7965 = {
			isa = PBXGroup;
			children = (
				F04F1B8F2F126835003F7965 /* EnUygunBerkayKayaCase */,
				F04F1D712F12FA43003F7965 /* EnUygunBerkayKayaCaseTests */,
				F04F1BDC2F127906003F7965 /* Frameworks */,
				F04F1B8E2F126835003F7965 /* Products */,
			);
			sourceTree = "<group>";
		};
		F04F1B8E2F126835003F7965 /* Products */ = {
			isa = PBXGroup;
			children = (
				F04F1B8D2F126835003F7965 /* EnUygunBerkayKayaCase.app */,
				F04F1D702F12FA43003F7965 /* EnUygunBerkayKayaCaseTests.xctest */,
			);
			name = Products;
			sourceTree = "<group>";
		};
		F04F1BDC2F127906003F7965 /* Frameworks */ = {
			isa = PBXGroup;
			children = (
			);
			name = Frameworks;
			sourceTree = "<group>";
		};
/* End PBXGroup section */

/* Begin PBXNativeTarget section */
		F04F1B8C2F126835003F7965 /* EnUygunBerkayKayaCase */ = {
			isa = PBXNativeTarget;
			buildConfigurationList = F04F1BA02F126835003F7965 /* Build configuration list for PBXNativeTarget "EnUygunBerkayKayaCase" */;
			buildPhases = (
				F04F1B892F126835003F7965 /* Sources */,
				F04F1B8A2F126835003F7965 /* Frameworks */,
				F04F1B8B2F126835003F7965 /* Resources */,
			);
			buildRules = (
			);
			dependencies = (
			);
			fileSystemSynchronizedGroups = (
				F04F1B8F2F126835003F7965 /* EnUygunBerkayKayaCase */,
			);
			name = EnUygunBerkayKayaCase;
			packageProductDependencies = (
				F04F1BDA2F1277F4003F7965 /* Kingfisher */,
				F04F1BDD2F127906003F7965 /* RxSwift */,
				F04F1BDF2F12790F003F7965 /* RxCocoa */,
			);
			productName = EnUygunBerkayKayaCase;
			productReference = F04F1B8D2F126835003F7965 /* EnUygunBerkayKayaCase.app */;
			productType = "com.apple.product-type.application";
		};
		F04F1D6F2F12FA43003F7965 /* EnUygunBerkayKayaCaseTests */ = {
			isa = PBXNativeTarget;
			buildConfigurationList = F04F1D782F12FA43003F7965 /* Build configuration list for PBXNativeTarget "EnUygunBerkayKayaCaseTests" */;
			buildPhases = (
				F04F1D6C2F12FA43003F7965 /* Sources */,
				F04F1D6D2F12FA43003F7965 /* Frameworks */,
				F04F1D6E2F12FA43003F7965 /* Resources */,
			);
			buildRules = (
			);
			dependencies = (
				F04F1D752F12FA43003F7965 /* PBXTargetDependency */,
			);
			fileSystemSynchronizedGroups = (
				F04F1D712F12FA43003F7965 /* EnUygunBerkayKayaCaseTests */,
			);
			name = EnUygunBerkayKayaCaseTests;
			packageProductDependencies = (
				F04F1D892F12FA5F003F7965 /* RxBlocking */,
				F04F1D8B2F12FA69003F7965 /* RxTest */,
			);
			productName = EnUygunBerkayKayaCaseTests;
			productReference = F04F1D702F12FA43003F7965 /* EnUygunBerkayKayaCaseTests.xctest */;
			productType = "com.apple.product-type.bundle.unit-test";
		};
/* End PBXNativeTarget section */

/* Begin PBXProject section */
		F04F1B852F126835003F7965 /* Project object */ = {
			isa = PBXProject;
			attributes = {
				BuildIndependentTargetsInParallel = 1;
				LastSwiftUpdateCheck = 1640;
				LastUpgradeCheck = 1640;
				TargetAttributes = {
					F04F1B8C2F126835003F7965 = {
						CreatedOnToolsVersion = 16.4;
					};
					F04F1D6F2F12FA43003F7965 = {
						CreatedOnToolsVersion = 16.4;
						TestTargetID = F04F1B8C2F126835003F7965;
					};
				};
			};
			buildConfigurationList = F04F1B882F126835003F7965 /* Build configuration list for PBXProject "EnUygunBerkayKayaCase" */;
			developmentRegion = en;
			hasScannedForEncodings = 0;
			knownRegions = (
				en,
				Base,
			);
			mainGroup = F04F1B842F126835003F7965;
			minimizedProjectReferenceProxies = 1;
			packageReferences = (
				F04F1BD82F1277B6003F7965 /* XCRemoteSwiftPackageReference "RxSwift" */,
				F04F1BD92F1277F4003F7965 /* XCRemoteSwiftPackageReference "Kingfisher" */,
			);
			preferredProjectObjectVersion = 77;
			productRefGroup = F04F1B8E2F126835003F7965 /* Products */;
			projectDirPath = "";
			projectRoot = "";
			targets = (
				F04F1B8C2F126835003F7965 /* EnUygunBerkayKayaCase */,
				F04F1D6F2F12FA43003F7965 /* EnUygunBerkayKayaCaseTests */,
			);
		};
/* End PBXProject section */

/* Begin PBXResourcesBuildPhase section */
		F04F1B8B2F126835003F7965 /* Resources */ = {
			isa = PBXResourcesBuildPhase;
			buildActionMask = 2147483647;
			files = (
			);
			runOnlyForDeploymentPostprocessing = 0;
		};
		F04F1D6E2F12FA43003F7965 /* Resources */ = {
			isa = PBXResourcesBuildPhase;
			buildActionMask = 2147483647;
			files = (
			);
			runOnlyForDeploymentPostprocessing = 0;
		};
/* End PBXResourcesBuildPhase section */

/* Begin PBXSourcesBuildPhase section */
		F04F1B892F126835003F7965 /* Sources */ = {
			isa = PBXSourcesBuildPhase;
			buildActionMask = 2147483647;
			files = (
			);
			runOnlyForDeploymentPostprocessing = 0;
		};
		F04F1D6C2F12FA43003F7965 /* Sources */ = {
			isa = PBXSourcesBuildPhase;
			buildActionMask = 2147483647;
			files = (
			);
			runOnlyForDeploymentPostprocessing = 0;
		};
/* End PBXSourcesBuildPhase section */

/* Begin PBXTargetDependency section */
		F04F1D752F12FA43003F7965 /* PBXTargetDependency */ = {
			isa = PBXTargetDependency;
			target = F04F1B8C2F126835003F7965 /* EnUygunBerkayKayaCase */;
			targetProxy = F04F1D742F12FA43003F7965 /* PBXContainerItemProxy */;
		};
/* End PBXTargetDependency section */

/* Begin XCBuildConfiguration section */
		F04F1BA12F126835003F7965 /* Debug */ = {
			isa = XCBuildConfiguration;
			buildSettings = {
				ASSETCATALOG_COMPILER_APPICON_NAME = AppIcon;
				ASSETCATALOG_COMPILER_GLOBAL_ACCENT_COLOR_NAME = AccentColor;
				CODE_SIGN_STYLE = Automatic;
				CURRENT_PROJECT_VERSION = 1;
				DEVELOPMENT_TEAM = T2Z6Q6SV9B;
				GENERATE_INFOPLIST_FILE = YES;
				INFOPLIST_FILE = EnUygunBerkayKayaCase/Info.plist;
				INFOPLIST_KEY_UIApplicationSupportsIndirectInputEvents = YES;
				INFOPLIST_KEY_UILaunchStoryboardName = LaunchScreen;
				INFOPLIST_KEY_UISupportedInterfaceOrientations_iPad = "UIInterfaceOrientationPortrait UIInterfaceOrientationPortraitUpsideDown UIInterfaceOrientationLandscapeLeft UIInterfaceOrientationLandscapeRight";
				INFOPLIST_KEY_UISupportedInterfaceOrientations_iPhone = "UIInterfaceOrientationPortrait UIInterfaceOrientationLandscapeLeft UIInterfaceOrientationLandscapeRight";
				IPHONEOS_DEPLOYMENT_TARGET = 15.6;
				LD_RUNPATH_SEARCH_PATHS = (
					"$(inherited)",
					"@executable_path/Frameworks",
				);
				MARKETING_VERSION = 1.0;
				PRODUCT_BUNDLE_IDENTIFIER = mbk.EnUygunBerkayKayaCase;
				PRODUCT_NAME = "$(TARGET_NAME)";
				SWIFT_EMIT_LOC_STRINGS = YES;
				SWIFT_VERSION = 5.0;
				TARGETED_DEVICE_FAMILY = "1,2";
			};
			name = Debug;
		};
		F04F1BA22F126835003F7965 /* Release */ = {
			isa = XCBuildConfiguration;
			buildSettings = {
				ASSETCATALOG_COMPILER_APPICON_NAME = AppIcon;
				ASSETCATALOG_COMPILER_GLOBAL_ACCENT_COLOR_NAME = AccentColor;
				CODE_SIGN_STYLE = Automatic;
				CURRENT_PROJECT_VERSION = 1;
				DEVELOPMENT_TEAM = T2Z6Q6SV9B;
				GENERATE_INFOPLIST_FILE = YES;
				INFOPLIST_FILE = EnUygunBerkayKayaCase/Info.plist;
				INFOPLIST_KEY_UIApplicationSupportsIndirectInputEvents = YES;
				INFOPLIST_KEY_UILaunchStoryboardName = LaunchScreen;
				INFOPLIST_KEY_UISupportedInterfaceOrientations_iPad = "UIInterfaceOrientationPortrait UIInterfaceOrientationPortraitUpsideDown UIInterfaceOrientationLandscapeLeft UIInterfaceOrientationLandscapeRight";
				INFOPLIST_KEY_UISupportedInterfaceOrientations_iPhone = "UIInterfaceOrientationPortrait UIInterfaceOrientationLandscapeLeft UIInterfaceOrientationLandscapeRight";
				IPHONEOS_DEPLOYMENT_TARGET = 15.6;
				LD_RUNPATH_SEARCH_PATHS = (
					"$(inherited)",
					"@executable_path/Frameworks",
				);
				MARKETING_VERSION = 1.0;
				PRODUCT_BUNDLE_IDENTIFIER = mbk.EnUygunBerkayKayaCase;
				PRODUCT_NAME = "$(TARGET_NAME)";
				SWIFT_EMIT_LOC_STRINGS = YES;
				SWIFT_VERSION = 5.0;
				TARGETED_DEVICE_FAMILY = "1,2";
			};
			name = Release;
		};
		F04F1BA32F126835003F7965 /* Debug */ = {
			isa = XCBuildConfiguration;
			buildSettings = {
				ALWAYS_SEARCH_USER_PATHS = NO;
				ASSETCATALOG_COMPILER_GENERATE_SWIFT_ASSET_SYMBOL_EXTENSIONS = YES;
				CLANG_ANALYZER_NONNULL = YES;
				CLANG_ANALYZER_NUMBER_OBJECT_CONVERSION = YES_AGGRESSIVE;
				CLANG_CXX_LANGUAGE_STANDARD = "gnu++20";
				CLANG_ENABLE_MODULES = YES;
				CLANG_ENABLE_OBJC_ARC = YES;
				CLANG_ENABLE_OBJC_WEAK = YES;
				CLANG_WARN_BLOCK_CAPTURE_AUTORELEASING = YES;
				CLANG_WARN_BOOL_CONVERSION = YES;
				CLANG_WARN_COMMA = YES;
				CLANG_WARN_CONSTANT_CONVERSION = YES;
				CLANG_WARN_DEPRECATED_OBJC_IMPLEMENTATIONS = YES;
				CLANG_WARN_DIRECT_OBJC_ISA_USAGE = YES_ERROR;
				CLANG_WARN_DOCUMENTATION_COMMENTS = YES;
				CLANG_WARN_EMPTY_BODY = YES;
				CLANG_WARN_ENUM_CONVERSION = YES;
				CLANG_WARN_INFINITE_RECURSION = YES;
				CLANG_WARN_INT_CONVERSION = YES;
				CLANG_WARN_NON_LITERAL_NULL_CONVERSION = YES;
				CLANG_WARN_OBJC_IMPLICIT_RETAIN_SELF = YES;
				CLANG_WARN_OBJC_LITERAL_CONVERSION = YES;
				CLANG_WARN_OBJC_ROOT_CLASS = YES_ERROR;
				CLANG_WARN_QUOTED_INCLUDE_IN_FRAMEWORK_HEADER = YES;
				CLANG_WARN_RANGE_LOOP_ANALYSIS = YES;
				CLANG_WARN_STRICT_PROTOTYPES = YES;
				CLANG_WARN_SUSPICIOUS_MOVE = YES;
				CLANG_WARN_UNGUARDED_AVAILABILITY = YES_AGGRESSIVE;
				CLANG_WARN_UNREACHABLE_CODE = YES;
				CLANG_WARN__DUPLICATE_METHOD_MATCH = YES;
				COPY_PHASE_STRIP = NO;
				DEBUG_INFORMATION_FORMAT = dwarf;
				DEVELOPMENT_TEAM = T2Z6Q6SV9B;
				ENABLE_STRICT_OBJC_MSGSEND = YES;
				ENABLE_TESTABILITY = YES;
				ENABLE_USER_SCRIPT_SANDBOXING = YES;
				GCC_C_LANGUAGE_STANDARD = gnu17;
				GCC_DYNAMIC_NO_PIC = NO;
				GCC_NO_COMMON_BLOCKS = YES;
				GCC_OPTIMIZATION_LEVEL = 0;
				GCC_PREPROCESSOR_DEFINITIONS = (
					"DEBUG=1",
					"$(inherited)",
				);
				GCC_WARN_64_TO_32_BIT_CONVERSION = YES;
				GCC_WARN_ABOUT_RETURN_TYPE = YES_ERROR;
				GCC_WARN_UNDECLARED_SELECTOR = YES;
				GCC_WARN_UNINITIALIZED_AUTOS = YES_AGGRESSIVE;
				GCC_WARN_UNUSED_FUNCTION = YES;
				GCC_WARN_UNUSED_VARIABLE = YES;
				IPHONEOS_DEPLOYMENT_TARGET = 18.5;
				LOCALIZATION_PREFERS_STRING_CATALOGS = YES;
				MTL_ENABLE_DEBUG_INFO = INCLUDE_SOURCE;
				MTL_FAST_MATH = YES;
				ONLY_ACTIVE_ARCH = YES;
				SDKROOT = iphoneos;
				SWIFT_ACTIVE_COMPILATION_CONDITIONS = "DEBUG $(inherited)";
				SWIFT_OPTIMIZATION_LEVEL = "-Onone";
			};
			name = Debug;
		};
		F04F1BA42F126835003F7965 /* Release */ = {
			isa = XCBuildConfiguration;
			buildSettings = {
				ALWAYS_SEARCH_USER_PATHS = NO;
				ASSETCATALOG_COMPILER_GENERATE_SWIFT_ASSET_SYMBOL_EXTENSIONS = YES;
				CLANG_ANALYZER_NONNULL = YES;
				CLANG_ANALYZER_NUMBER_OBJECT_CONVERSION = YES_AGGRESSIVE;
				CLANG_CXX_LANGUAGE_STANDARD = "gnu++20";
				CLANG_ENABLE_MODULES = YES;
				CLANG_ENABLE_OBJC_ARC = YES;
				CLANG_ENABLE_OBJC_WEAK = YES;
				CLANG_WARN_BLOCK_CAPTURE_AUTORELEASING = YES;
				CLANG_WARN_BOOL_CONVERSION = YES;
				CLANG_WARN_COMMA = YES;
				CLANG_WARN_CONSTANT_CONVERSION = YES;
				CLANG_WARN_DEPRECATED_OBJC_IMPLEMENTATIONS = YES;
				CLANG_WARN_DIRECT_OBJC_ISA_USAGE = YES_ERROR;
				CLANG_WARN_DOCUMENTATION_COMMENTS = YES;
				CLANG_WARN_EMPTY_BODY = YES;
				CLANG_WARN_ENUM_CONVERSION = YES;
				CLANG_WARN_INFINITE_RECURSION = YES;
				CLANG_WARN_INT_CONVERSION = YES;
				CLANG_WARN_NON_LITERAL_NULL_CONVERSION = YES;
				CLANG_WARN_OBJC_IMPLICIT_RETAIN_SELF = YES;
				CLANG_WARN_OBJC_LITERAL_CONVERSION = YES;
				CLANG_WARN_OBJC_ROOT_CLASS = YES_ERROR;
				CLANG_WARN_QUOTED_INCLUDE_IN_FRAMEWORK_HEADER = YES;
				CLANG_WARN_RANGE_LOOP_ANALYSIS = YES;
				CLANG_WARN_STRICT_PROTOTYPES = YES;
				CLANG_WARN_SUSPICIOUS_MOVE = YES;
				CLANG_WARN_UNGUARDED_AVAILABILITY = YES_AGGRESSIVE;
				CLANG_WARN_UNREACHABLE_CODE = YES;
				CLANG_WARN__DUPLICATE_METHOD_MATCH = YES;
				COPY_PHASE_STRIP = NO;
				DEBUG_INFORMATION_FORMAT = "dwarf-with-dsym";
				DEVELOPMENT_TEAM = T2Z6Q6SV9B;
				ENABLE_NS_ASSERTIONS = NO;
				ENABLE_STRICT_OBJC_MSGSEND = YES;
				ENABLE_USER_SCRIPT_SANDBOXING = YES;
				GCC_C_LANGUAGE_STANDARD = gnu17;
				GCC_NO_COMMON_BLOCKS = YES;
				GCC_WARN_64_TO_32_BIT_CONVERSION = YES;
				GCC_WARN_ABOUT_RETURN_TYPE = YES_ERROR;
				GCC_WARN_UNDECLARED_SELECTOR = YES;
				GCC_WARN_UNINITIALIZED_AUTOS = YES_AGGRESSIVE;
				GCC_WARN_UNUSED_FUNCTION = YES;
				GCC_WARN_UNUSED_VARIABLE = YES;
				IPHONEOS_DEPLOYMENT_TARGET = 18.5;
				LOCALIZATION_PREFERS_STRING_CATALOGS = YES;
				MTL_ENABLE_DEBUG_INFO = NO;
				MTL_FAST_MATH = YES;
				SDKROOT = iphoneos;
				SWIFT_COMPILATION_MODE = wholemodule;
				VALIDATE_PRODUCT = YES;
			};
			name = Release;
		};
		F04F1D762F12FA43003F7965 /* Debug */ = {
			isa = XCBuildConfiguration;
			buildSettings = {
				BUNDLE_LOADER = "$(TEST_HOST)";
				CODE_SIGN_STYLE = Automatic;
				CURRENT_PROJECT_VERSION = 1;
				DEVELOPMENT_TEAM = T2Z6Q6SV9B;
				GENERATE_INFOPLIST_FILE = YES;
				MARKETING_VERSION = 1.0;
				PRODUCT_BUNDLE_IDENTIFIER = mbk.EnUygunBerkayKayaCaseTests;
				PRODUCT_NAME = "$(TARGET_NAME)";
				SWIFT_EMIT_LOC_STRINGS = NO;
				SWIFT_VERSION = 5.0;
				TARGETED_DEVICE_FAMILY = "1,2";
				TEST_HOST = "$(BUILT_PRODUCTS_DIR)/EnUygunBerkayKayaCase.app/$(BUNDLE_EXECUTABLE_FOLDER_PATH)/EnUygunBerkayKayaCase";
			};
			name = Debug;
		};
		F04F1D772F12FA43003F7965 /* Release */ = {
			isa = XCBuildConfiguration;
			buildSettings = {
				BUNDLE_LOADER = "$(TEST_HOST)";
				CODE_SIGN_STYLE = Automatic;
				CURRENT_PROJECT_VERSION = 1;
				DEVELOPMENT_TEAM = T2Z6Q6SV9B;
				GENERATE_INFOPLIST_FILE = YES;
				MARKETING_VERSION = 1.0;
				PRODUCT_BUNDLE_IDENTIFIER = mbk.EnUygunBerkayKayaCaseTests;
				PRODUCT_NAME = "$(TARGET_NAME)";
				SWIFT_EMIT_LOC_STRINGS = NO;
				SWIFT_VERSION = 5.0;
				TARGETED_DEVICE_FAMILY = "1,2";
				TEST_HOST = "$(BUILT_PRODUCTS_DIR)/EnUygunBerkayKayaCase.app/$(BUNDLE_EXECUTABLE_FOLDER_PATH)/EnUygunBerkayKayaCase";
			};
			name = Release;
		};
/* End XCBuildConfiguration section */

/* Begin XCConfigurationList section */
		F04F1B882F126835003F7965 /* Build configuration list for PBXProject "EnUygunBerkayKayaCase" */ = {
			isa = XCConfigurationList;
			buildConfigurations = (
				F04F1BA32F126835003F7965 /* Debug */,
				F04F1BA42F126835003F7965 /* Release */,
			);
			defaultConfigurationIsVisible = 0;
			defaultConfigurationName = Release;
		};
		F04F1BA02F126835003F7965 /* Build configuration list for PBXNativeTarget "EnUygunBerkayKayaCase" */ = {
			isa = XCConfigurationList;
			buildConfigurations = (
				F04F1BA12F126835003F7965 /* Debug */,
				F04F1BA22F126835003F7965 /* Release */,
			);
			defaultConfigurationIsVisible = 0;
			defaultConfigurationName = Release;
		};
		F04F1D782F12FA43003F7965 /* Build configuration list for PBXNativeTarget "EnUygunBerkayKayaCaseTests" */ = {
			isa = XCConfigurationList;
			buildConfigurations = (
				F04F1D762F12FA43003F7965 /* Debug */,
				F04F1D772F12FA43003F7965 /* Release */,
			);
			defaultConfigurationIsVisible = 0;
			defaultConfigurationName = Release;
		};
/* End XCConfigurationList section */

/* Begin XCRemoteSwiftPackageReference section */
		F04F1BD82F1277B6003F7965 /* XCRemoteSwiftPackageReference "RxSwift" */ = {
			isa = XCRemoteSwiftPackageReference;
			repositoryURL = "https://github.com/ReactiveX/RxSwift.git";
			requirement = {
				kind = upToNextMajorVersion;
				minimumVersion = 6.9.1;
			};
		};
		F04F1BD92F1277F4003F7965 /* XCRemoteSwiftPackageReference "Kingfisher" */ = {
			isa = XCRemoteSwiftPackageReference;
			repositoryURL = "https://github.com/onevcat/Kingfisher.git";
			requirement = {
				kind = upToNextMajorVersion;
				minimumVersion = 8.6.2;
			};
		};
/* End XCRemoteSwiftPackageReference section */

/* Begin XCSwiftPackageProductDependency section */
		F04F1BDA2F1277F4003F7965 /* Kingfisher */ = {
			isa = XCSwiftPackageProductDependency;
			package = F04F1BD92F1277F4003F7965 /* XCRemoteSwiftPackageReference "Kingfisher" */;
			productName = Kingfisher;
		};
		F04F1BDD2F127906003F7965 /* RxSwift */ = {
			isa = XCSwiftPackageProductDependency;
			package = F04F1BD82F1277B6003F7965 /* XCRemoteSwiftPackageReference "RxSwift" */;
			productName = RxSwift;
		};
		F04F1BDF2F12790F003F7965 /* RxCocoa */ = {
			isa = XCSwiftPackageProductDependency;
			package = F04F1BD82F1277B6003F7965 /* XCRemoteSwiftPackageReference "RxSwift" */;
			productName = RxCocoa;
		};
		F04F1D892F12FA5F003F7965 /* RxBlocking */ = {
			isa = XCSwiftPackageProductDependency;
			package = F04F1BD82F1277B6003F7965 /* XCRemoteSwiftPackageReference "RxSwift" */;
			productName = RxBlocking;
		};
		F04F1D8B2F12FA69003F7965 /* RxTest */ = {
			isa = XCSwiftPackageProductDependency;
			package = F04F1BD82F1277B6003F7965 /* XCRemoteSwiftPackageReference "RxSwift" */;
			productName = RxTest;
		};
/* End XCSwiftPackageProductDependency section */
	};
	rootObject = F04F1B852F126835003F7965 /* Project object */;
}
